
Microsoft Visual Studio Solution File, Format Version 12.00
# Visual Studio Version 17
VisualStudioVersion = 17.4.33213.308
MinimumVisualStudioVersion = 10.0.40219.1
Project("{FAE04EC0-301F-11D3-BF4B-00C04F79EFBC}") = "FillDB", "FillDB.csproj", "{22DD1E3B-AD67-42E9-BF36-91A22629A95C}"
EndProject
Global
	GlobalSection(SolutionConfigurationPlatforms) = preSolution
		Debug|Any CPU = Debug|Any CPU
		Release|Any CPU = Release|Any CPU
	EndGlobalSection
	GlobalSection(ProjectConfigurationPlatforms) = postSolution
		{22DD1E3B-AD67-42E9-BF36-91A22629A95C}.Debug|Any CPU.ActiveCfg = Debug|Any CPU
		{22DD1E3B-AD67-42E9-BF36-91A22629A95C}.Debug|Any CPU.Build.0 = Debug|Any CPU
		{22DD1E3B-AD67-42E9-BF36-91A22629A95C}.Release|Any CPU.ActiveCfg = Release|Any CPU
		{22DD1E3B-AD67-42E9-BF36-91A22629A95C}.Release|Any CPU.Build.0 = Release|Any CPU
	EndGlobalSection
	GlobalSection(SolutionProperties) = preSolution
		HideSolutionNode = FALSE
	EndGlobalSection
	GlobalSection(ExtensibilityGlobals) = postSolution
		SolutionGuid = {A2C2496D-9B37-4AAB-BE18-123A06E98706}
	EndGlobalSection
EndGlobal
